
Microsoft Visual Studio Solution File, Format Version 12.00
# Visual Studio 15
VisualStudioVersion = 15.0.28010.2046
MinimumVisualStudioVersion = 10.0.40219.1
Project("{FAE04EC0-301F-11D3-BF4B-00C04F79EFBC}") = "MiPrimeraApp.Android", "MiPrimeraApp\MiPrimeraApp.Android\MiPrimeraApp.Android.csproj", "{3571DCD0-BD4F-44E8-90FE-1D0526B00F1C}"
EndProject
Project("{FAE04EC0-301F-11D3-BF4B-00C04F79EFBC}") = "MiPrimeraApp.iOS", "MiPrimeraApp\MiPrimeraApp.iOS\MiPrimeraApp.iOS.csproj", "{1B275802-D75B-4F7D-BA13-D6229B947FAA}"
EndProject
Project("{FAE04EC0-301F-11D3-BF4B-00C04F79EFBC}") = "MiPrimeraApp", "MiPrimeraApp\MiPrimeraApp\MiPrimeraApp.csproj", "{259D50F8-DB53-4AF9-AFCD-FE3BC5890102}"
EndProject
Global
	GlobalSection(SolutionConfigurationPlatforms) = preSolution
		Ad-Hoc|Any CPU = Ad-Hoc|Any CPU
		Ad-Hoc|iPhone = Ad-Hoc|iPhone
		Ad-Hoc|iPhoneSimulator = Ad-Hoc|iPhoneSimulator
		AppStore|Any CPU = AppStore|Any CPU
		AppStore|iPhone = AppStore|iPhone
		AppStore|iPhoneSimulator = AppStore|iPhoneSimulator
		Debug|Any CPU = Debug|Any CPU
		Debug|iPhone = Debug|iPhone
		Debug|iPhoneSimulator = Debug|iPhoneSimulator
		Release|Any CPU = Release|Any CPU
		Release|iPhone = Release|iPhone
		Release|iPhoneSimulator = Release|iPhoneSimulator
	EndGlobalSection
	GlobalSection(ProjectConfigurationPlatforms) = postSolution
		{3571DCD0-BD4F-44E8-90FE-1D0526B00F1C}.Ad-Hoc|Any CPU.ActiveCfg = Release|Any CPU
		{3571DCD0-BD4F-44E8-90FE-1D0526B00F1C}.Ad-Hoc|Any CPU.Build.0 = Release|Any CPU
		{3571DCD0-BD4F-44E8-90FE-1D0526B00F1C}.Ad-Hoc|Any CPU.Deploy.0 = Release|Any CPU
		{3571DCD0-BD4F-44E8-90FE-1D0526B00F1C}.Ad-Hoc|iPhone.ActiveCfg = Release|Any CPU
		{3571DCD0-BD4F-44E8-90FE-1D0526B00F1C}.Ad-Hoc|iPhone.Build.0 = Release|Any CPU
		{3571DCD0-BD4F-44E8-90FE-1D0526B00F1C}.Ad-Hoc|iPhone.Deploy.0 = Release|Any CPU
		{3571DCD0-BD4F-44E8-90FE-1D0526B00F1C}.Ad-Hoc|iPhoneSimulator.ActiveCfg = Release|Any CPU
		{3571DCD0-BD4F-44E8-90FE-1D0526B00F1C}.Ad-Hoc|iPhoneSimulator.Build.0 = Release|Any CPU
		{3571DCD0-BD4F-44E8-90FE-1D0526B00F1C}.Ad-Hoc|iPhoneSimulator.Deploy.0 = Release|Any CPU
		{3571DCD0-BD4F-44E8-90FE-1D0526B00F1C}.AppStore|Any CPU.ActiveCfg = Release|Any CPU
		{3571DCD0-BD4F-44E8-90FE-1D0526B00F1C}.AppStore|Any CPU.Build.0 = Release|Any CPU
		{3571DCD0-BD4F-44E8-90FE-1D0526B00F1C}.AppStore|Any CPU.Deploy.0 = Release|Any CPU
		{3571DCD0-BD4F-44E8-90FE-1D0526B00F1C}.AppStore|iPhone.ActiveCfg = Release|Any CPU
		{3571DCD0-BD4F-44E8-90FE-1D0526B00F1C}.AppStore|iPhone.Build.0 = Release|Any CPU
		{3571DCD0-BD4F-44E8-90FE-1D0526B00F1C}.AppStore|iPhone.Deploy.0 = Release|Any CPU
		{3571DCD0-BD4F-44E8-90FE-1D0526B00F1C}.AppStore|iPhoneSimulator.ActiveCfg = Release|Any CPU
		{3571DCD0-BD4F-44E8-90FE-1D0526B00F1C}.AppStore|iPhoneSimulator.Build.0 = Release|Any CPU
		{3571DCD0-BD4F-44E8-90FE-1D0526B00F1C}.AppStore|iPhoneSimulator.Deploy.0 = Release|Any CPU
		{3571DCD0-BD4F-44E8-90FE-1D0526B00F1C}.Debug|Any CPU.ActiveCfg = Debug|Any CPU
		{3571DCD0-BD4F-44E8-90FE-1D0526B00F1C}.Debug|Any CPU.Build.0 = Debug|Any CPU
		{3571DCD0-BD4F-44E8-90FE-1D0526B00F1C}.Debug|Any CPU.Deploy.0 = Debug|Any CPU
		{3571DCD0-BD4F-44E8-90FE-1D0526B00F1C}.Debug|iPhone.ActiveCfg = Debug|Any CPU
		{3571DCD0-BD4F-44E8-90FE-1D0526B00F1C}.Debug|iPhone.Build.0 = Debug|Any CPU
		{3571DCD0-BD4F-44E8-90FE-1D0526B00F1C}.Debug|iPhone.Deploy.0 = Debug|Any CPU
		{3571DCD0-BD4F-44E8-90FE-1D0526B00F1C}.Debug|iPhoneSimulator.ActiveCfg = Debug|Any CPU
		{3571DCD0-BD4F-44E8-90FE-1D0526B00F1C}.Debug|iPhoneSimulator.Build.0 = Debug|Any CPU
		{3571DCD0-BD4F-44E8-90FE-1D0526B00F1C}.Debug|iPhoneSimulator.Deploy.0 = Debug|Any CPU
		{3571DCD0-BD4F-44E8-90FE-1D0526B00F1C}.Release|Any CPU.ActiveCfg = Release|Any CPU
		{3571DCD0-BD4F-44E8-90FE-1D0526B00F1C}.Release|Any CPU.Build.0 = Release|Any CPU
		{3571DCD0-BD4F-44E8-90FE-1D0526B00F1C}.Release|Any CPU.Deploy.0 = Release|Any CPU
		{3571DCD0-BD4F-44E8-90FE-1D0526B00F1C}.Release|iPhone.ActiveCfg = Release|Any CPU
		{3571DCD0-BD4F-44E8-90FE-1D0526B00F1C}.Release|iPhone.Build.0 = Release|Any CPU
		{3571DCD0-BD4F-44E8-90FE-1D0526B00F1C}.Release|iPhone.Deploy.0 = Release|Any CPU
		{3571DCD0-BD4F-44E8-90FE-1D0526B00F1C}.Release|iPhoneSimulator.ActiveCfg = Release|Any CPU
		{3571DCD0-BD4F-44E8-90FE-1D0526B00F1C}.Release|iPhoneSimulator.Build.0 = Release|Any CPU
		{3571DCD0-BD4F-44E8-90FE-1D0526B00F1C}.Release|iPhoneSimulator.Deploy.0 = Release|Any CPU
		{1B275802-D75B-4F7D-BA13-D6229B947FAA}.Ad-Hoc|Any CPU.ActiveCfg = Ad-Hoc|iPhone
		{1B275802-D75B-4F7D-BA13-D6229B947FAA}.Ad-Hoc|Any CPU.Build.0 = Ad-Hoc|iPhone
		{1B275802-D75B-4F7D-BA13-D6229B947FAA}.Ad-Hoc|Any CPU.Deploy.0 = Ad-Hoc|iPhone
		{1B275802-D75B-4F7D-BA13-D6229B947FAA}.Ad-Hoc|iPhone.ActiveCfg = Ad-Hoc|iPhone
		{1B275802-D75B-4F7D-BA13-D6229B947FAA}.Ad-Hoc|iPhone.Build.0 = Ad-Hoc|iPhone
		{1B275802-D75B-4F7D-BA13-D6229B947FAA}.Ad-Hoc|iPhone.Deploy.0 = Ad-Hoc|iPhone
		{1B275802-D75B-4F7D-BA13-D6229B947FAA}.Ad-Hoc|iPhoneSimulator.ActiveCfg = Ad-Hoc|iPhoneSimulator
		{1B275802-D75B-4F7D-BA13-D6229B947FAA}.Ad-Hoc|iPhoneSimulator.Build.0 = Ad-Hoc|iPhoneSimulator
		{1B275802-D75B-4F7D-BA13-D6229B947FAA}.Ad-Hoc|iPhoneSimulator.Deploy.0 = Ad-Hoc|iPhoneSimulator
		{1B275802-D75B-4F7D-BA13-D6229B947FAA}.AppStore|Any CPU.ActiveCfg = AppStore|iPhone
		{1B275802-D75B-4F7D-BA13-D6229B947FAA}.AppStore|Any CPU.Build.0 = AppStore|iPhone
		{1B275802-D75B-4F7D-BA13-D6229B947FAA}.AppStore|Any CPU.Deploy.0 = AppStore|iPhone
		{1B275802-D75B-4F7D-BA13-D6229B947FAA}.AppStore|iPhone.ActiveCfg = AppStore|iPhone
		{1B275802-D75B-4F7D-BA13-D6229B947FAA}.AppStore|iPhone.Build.0 = AppStore|iPhone
		{1B275802-D75B-4F7D-BA13-D6229B947FAA}.AppStore|iPhone.Deploy.0 = AppStore|iPhone
		{1B275802-D75B-4F7D-BA13-D6229B947FAA}.AppStore|iPhoneSimulator.ActiveCfg = AppStore|iPhoneSimulator
		{1B275802-D75B-4F7D-BA13-D6229B947FAA}.AppStore|iPhoneSimulator.Build.0 = AppStore|iPhoneSimulator
		{1B275802-D75B-4F7D-BA13-D6229B947FAA}.AppStore|iPhoneSimulator.Deploy.0 = AppStore|iPhoneSimulator
		{1B275802-D75B-4F7D-BA13-D6229B947FAA}.Debug|Any CPU.ActiveCfg = Debug|iPhoneSimulator
		{1B275802-D75B-4F7D-BA13-D6229B947FAA}.Debug|Any CPU.Build.0 = Debug|iPhoneSimulator
		{1B275802-D75B-4F7D-BA13-D6229B947FAA}.Debug|Any CPU.Deploy.0 = Debug|iPhoneSimulator
		{1B275802-D75B-4F7D-BA13-D6229B947FAA}.Debug|iPhone.ActiveCfg = Debug|iPhone
		{1B275802-D75B-4F7D-BA13-D6229B947FAA}.Debug|iPhone.Build.0 = Debug|iPhone
		{1B275802-D75B-4F7D-BA13-D6229B947FAA}.Debug|iPhone.Deploy.0 = Debug|iPhone
		{1B275802-D75B-4F7D-BA13-D6229B947FAA}.Debug|iPhoneSimulator.ActiveCfg = Debug|iPhoneSimulator
		{1B275802-D75B-4F7D-BA13-D6229B947FAA}.Debug|iPhoneSimulator.Build.0 = Debug|iPhoneSimulator
		{1B275802-D75B-4F7D-BA13-D6229B947FAA}.Debug|iPhoneSimulator.Deploy.0 = Debug|iPhoneSimulator
		{1B275802-D75B-4F7D-BA13-D6229B947FAA}.Release|Any CPU.ActiveCfg = Release|iPhone
		{1B275802-D75B-4F7D-BA13-D6229B947FAA}.Release|Any CPU.Build.0 = Release|iPhone
		{1B275802-D75B-4F7D-BA13-D6229B947FAA}.Release|Any CPU.Deploy.0 = Release|iPhone
		{1B275802-D75B-4F7D-BA13-D6229B947FAA}.Release|iPhone.ActiveCfg = Release|iPhone
		{1B275802-D75B-4F7D-BA13-D6229B947FAA}.Release|iPhone.Build.0 = Release|iPhone
		{1B275802-D75B-4F7D-BA13-D6229B947FAA}.Release|iPhone.Deploy.0 = Release|iPhone
		{1B275802-D75B-4F7D-BA13-D6229B947FAA}.Release|iPhoneSimulator.ActiveCfg = Release|iPhoneSimulator
		{1B275802-D75B-4F7D-BA13-D6229B947FAA}.Release|iPhoneSimulator.Build.0 = Release|iPhoneSimulator
		{1B275802-D75B-4F7D-BA13-D6229B947FAA}.Release|iPhoneSimulator.Deploy.0 = Release|iPhoneSimulator
		{259D50F8-DB53-4AF9-AFCD-FE3BC5890102}.Ad-Hoc|Any CPU.ActiveCfg = Debug|Any CPU
		{259D50F8-DB53-4AF9-AFCD-FE3BC5890102}.Ad-Hoc|Any CPU.Build.0 = Debug|Any CPU
		{259D50F8-DB53-4AF9-AFCD-FE3BC5890102}.Ad-Hoc|Any CPU.Deploy.0 = Debug|Any CPU
		{259D50F8-DB53-4AF9-AFCD-FE3BC5890102}.Ad-Hoc|iPhone.ActiveCfg = Debug|Any CPU
		{259D50F8-DB53-4AF9-AFCD-FE3BC5890102}.Ad-Hoc|iPhone.Build.0 = Debug|Any CPU
		{259D50F8-DB53-4AF9-AFCD-FE3BC5890102}.Ad-Hoc|iPhone.Deploy.0 = Debug|Any CPU
		{259D50F8-DB53-4AF9-AFCD-FE3BC5890102}.Ad-Hoc|iPhoneSimulator.ActiveCfg = Debug|Any CPU
		{259D50F8-DB53-4AF9-AFCD-FE3BC5890102}.Ad-Hoc|iPhoneSimulator.Build.0 = Debug|Any CPU
		{259D50F8-DB53-4AF9-AFCD-FE3BC5890102}.Ad-Hoc|iPhoneSimulator.Deploy.0 = Debug|Any CPU
		{259D50F8-DB53-4AF9-AFCD-FE3BC5890102}.AppStore|Any CPU.ActiveCfg = Debug|Any CPU
		{259D50F8-DB53-4AF9-AFCD-FE3BC5890102}.AppStore|Any CPU.Build.0 = Debug|Any CPU
		{259D50F8-DB53-4AF9-AFCD-FE3BC5890102}.AppStore|Any CPU.Deploy.0 = Debug|Any CPU
		{259D50F8-DB53-4AF9-AFCD-FE3BC5890102}.AppStore|iPhone.ActiveCfg = Debug|Any CPU
		{259D50F8-DB53-4AF9-AFCD-FE3BC5890102}.AppStore|iPhone.Build.0 = Debug|Any CPU
		{259D50F8-DB53-4AF9-AFCD-FE3BC5890102}.AppStore|iPhone.Deploy.0 = Debug|Any CPU
		{259D50F8-DB53-4AF9-AFCD-FE3BC5890102}.AppStore|iPhoneSimulator.ActiveCfg = Debug|Any CPU
		{259D50F8-DB53-4AF9-AFCD-FE3BC5890102}.AppStore|iPhoneSimulator.Build.0 = Debug|Any CPU
		{259D50F8-DB53-4AF9-AFCD-FE3BC5890102}.AppStore|iPhoneSimulator.Deploy.0 = Debug|Any CPU
		{259D50F8-DB53-4AF9-AFCD-FE3BC5890102}.Debug|Any CPU.ActiveCfg = Debug|Any CPU
		{259D50F8-DB53-4AF9-AFCD-FE3BC5890102}.Debug|Any CPU.Build.0 = Debug|Any CPU
		{259D50F8-DB53-4AF9-AFCD-FE3BC5890102}.Debug|Any CPU.Deploy.0 = Debug|Any CPU
		{259D50F8-DB53-4AF9-AFCD-FE3BC5890102}.Debug|iPhone.ActiveCfg = Debug|Any CPU
		{259D50F8-DB53-4AF9-AFCD-FE3BC5890102}.Debug|iPhone.Build.0 = Debug|Any CPU
		{259D50F8-DB53-4AF9-AFCD-FE3BC5890102}.Debug|iPhone.Deploy.0 = Debug|Any CPU
		{259D50F8-DB53-4AF9-AFCD-FE3BC5890102}.Debug|iPhoneSimulator.ActiveCfg = Debug|Any CPU
		{259D50F8-DB53-4AF9-AFCD-FE3BC5890102}.Debug|iPhoneSimulator.Build.0 = Debug|Any CPU
		{259D50F8-DB53-4AF9-AFCD-FE3BC5890102}.Debug|iPhoneSimulator.Deploy.0 = Debug|Any CPU
		{259D50F8-DB53-4AF9-AFCD-FE3BC5890102}.Release|Any CPU.ActiveCfg = Release|Any CPU
		{259D50F8-DB53-4AF9-AFCD-FE3BC5890102}.Release|Any CPU.Build.0 = Release|Any CPU
		{259D50F8-DB53-4AF9-AFCD-FE3BC5890102}.Release|Any CPU.Deploy.0 = Release|Any CPU
		{259D50F8-DB53-4AF9-AFCD-FE3BC5890102}.Release|iPhone.ActiveCfg = Release|Any CPU
		{259D50F8-DB53-4AF9-AFCD-FE3BC5890102}.Release|iPhone.Build.0 = Release|Any CPU
		{259D50F8-DB53-4AF9-AFCD-FE3BC5890102}.Release|iPhone.Deploy.0 = Release|Any CPU
		{259D50F8-DB53-4AF9-AFCD-FE3BC5890102}.Release|iPhoneSimulator.ActiveCfg = Release|Any CPU
		{259D50F8-DB53-4AF9-AFCD-FE3BC5890102}.Release|iPhoneSimulator.Build.0 = Release|Any CPU
		{259D50F8-DB53-4AF9-AFCD-FE3BC5890102}.Release|iPhoneSimulator.Deploy.0 = Release|Any CPU
	EndGlobalSection
	GlobalSection(SolutionProperties) = preSolution
		HideSolutionNode = FALSE
	EndGlobalSection
	GlobalSection(ExtensibilityGlobals) = postSolution
		SolutionGuid = {8475202B-0932-48E4-97AB-8C2AA0A5CB3F}
	EndGlobalSection
EndGlobal
